{
  "nodes": {
    "home-manager": {
      "inputs": {
        "nixpkgs": [
          "nixpkgs"
        ]
      },
      "locked": {
        "lastModified": 1758463745,
        "narHash": "sha256-uhzsV0Q0I9j2y/rfweWeGif5AWe0MGrgZ/3TjpDYdGA=",
        "owner": "nix-community",
        "repo": "home-manager",
        "rev": "3b955f5f0a942f9f60cdc9cacb7844335d0f21c3",
        "type": "github"
      },
      "original": {
        "owner": "nix-community",
        "ref": "release-25.05",
        "repo": "home-manager",
        "type": "github"
      }
    },
    "nixos-hardware": {
      "locked": {
        "lastModified": 1762847253,
        "narHash": "sha256-BWWnUUT01lPwCWUvS0p6Px5UOBFeXJ8jR+ZdLX8IbrU=",
        "owner": "NixOS",
        "repo": "nixos-hardware",
        "rev": "899dc449bc6428b9ee6b3b8f771ca2b0ef945ab9",
        "type": "github"
      },
      "original": {
        "owner": "NixOS",
        "ref": "master",
        "repo": "nixos-hardware",
        "type": "github"
      }
    },
    "nixpkgs": {
      "locked": {
        "lastModified": 1762756533,
        "narHash": "sha256-HiRDeUOD1VLklHeOmaKDzf+8Hb7vSWPVFcWwaTrpm+U=",
        "owner": "NixOS",
        "repo": "nixpkgs",
        "rev": "c2448301fb856e351aab33e64c33a3fc8bcf637d",
        "type": "github"
      },
      "original": {
        "id": "nixpkgs",
        "ref": "nixos-25.05",
        "type": "indirect"
      }
    },
    "nixpkgs-unstable": {
      "locked": {
        "lastModified": 1762943920,
        "narHash": "sha256-ITeH8GBpQTw9457ICZBddQEBjlXMmilML067q0e6vqY=",
        "owner": "NixOS",
        "repo": "nixpkgs",
        "rev": "91c9a64ce2a84e648d0cf9671274bb9c2fb9ba60",
        "type": "github"
      },
      "original": {
        "id": "nixpkgs",
        "ref": "nixpkgs-unstable",
        "type": "indirect"
      }
    },
    "nixpkgs-winboat": {
      "locked": {
        "lastModified": 1762361079,
        "narHash": "sha256-lz718rr1BDpZBYk7+G8cE6wee3PiBUpn8aomG/vLLiY=",
        "owner": "NixOS",
        "repo": "nixpkgs",
        "rev": "ffcdcf99d65c61956d882df249a9be53e5902ea5",
        "type": "github"
      },
      "original": {
        "id": "nixpkgs",
        "rev": "ffcdcf99d65c61956d882df249a9be53e5902ea5",
        "type": "indirect"
      }
    },
    "root": {
      "inputs": {
        "home-manager": "home-manager",
        "nixos-hardware": "nixos-hardware",
        "nixpkgs": "nixpkgs",
        "nixpkgs-unstable": "nixpkgs-unstable",
        "nixpkgs-winboat": "nixpkgs-winboat"
      }
    }
  },
  "root": "root",
  "version": 7
}
